
Microsoft Visual Studio Solution File, Format Version 12.00
# Visual Studio Version 17
VisualStudioVersion = 17.2.32526.322
MinimumVisualStudioVersion = 10.0.40219.1
Project("{FAE04EC0-301F-11D3-BF4B-00C04F79EFBC}") = "Codes(week2)", "Codes(week2)\Codes(week2).csproj", "{EBB2A391-71C4-4F8D-90F9-28AA5497CDCA}"
EndProject
Global
	GlobalSection(SolutionConfigurationPlatforms) = preSolution
		Debug|Any CPU = Debug|Any CPU
		Release|Any CPU = Release|Any CPU
	EndGlobalSection
	GlobalSection(ProjectConfigurationPlatforms) = postSolution
		{EBB2A391-71C4-4F8D-90F9-28AA5497CDCA}.Debug|Any CPU.ActiveCfg = Debug|Any CPU
		{EBB2A391-71C4-4F8D-90F9-28AA5497CDCA}.Debug|Any CPU.Build.0 = Debug|Any CPU
		{EBB2A391-71C4-4F8D-90F9-28AA5497CDCA}.Release|Any CPU.ActiveCfg = Release|Any CPU
		{EBB2A391-71C4-4F8D-90F9-28AA5497CDCA}.Release|Any CPU.Build.0 = Release|Any CPU
	EndGlobalSection
	GlobalSection(SolutionProperties) = preSolution
		HideSolutionNode = FALSE
	EndGlobalSection
	GlobalSection(ExtensibilityGlobals) = postSolution
		SolutionGuid = {10DE3AAC-6874-430D-B90A-5982883DA5F0}
	EndGlobalSection
EndGlobal
